# THIS IS AN AUTOGENERATED FILE. DO NOT EDIT THIS FILE DIRECTLY.
# yarn lockfile v1


"@azure/msal-common@^5.1.0":
  version "5.1.0"
  resolved "https://registry.npmjs.org/@azure/msal-common/-/msal-common-5.1.0.tgz"
  dependencies:
    debug "^4.1.1"

"@azure/msal-node@^1.0.0-beta.3":
  version "1.3.3"
  resolved "https://registry.npmjs.org/@azure/msal-node/-/msal-node-1.3.3.tgz"
  dependencies:
    "@azure/msal-common" "^5.1.0"
    axios "^0.21.4"
    jsonwebtoken "^8.5.1"
    uuid "^8.3.0"

"@babel/runtime@^7.7.2":
  version "7.17.2"
  resolved "https://registry.npmjs.org/@babel/runtime/-/runtime-7.17.2.tgz"
  dependencies:
    regenerator-runtime "^0.13.4"

"@jimp/bmp@^0.16.1":
  version "0.16.1"
  resolved "https://registry.npmjs.org/@jimp/bmp/-/bmp-0.16.1.tgz"
  dependencies:
    "@babel/runtime" "^7.7.2"
    "@jimp/utils" "^0.16.1"
    bmp-js "^0.1.0"

"@jimp/core@^0.16.1":
  version "0.16.1"
  resolved "https://registry.npmjs.org/@jimp/core/-/core-0.16.1.tgz"
  dependencies:
    "@babel/runtime" "^7.7.2"
    "@jimp/utils" "^0.16.1"
    any-base "^1.1.0"
    buffer "^5.2.0"
    exif-parser "^0.1.12"
    file-type "^9.0.0"
    load-bmfont "^1.3.1"
    mkdirp "^0.5.1"
    phin "^2.9.1"
    pixelmatch "^4.0.2"
    tinycolor2 "^1.4.1"

"@jimp/custom@^0.16.1":
  version "0.16.1"
  resolved "https://registry.npmjs.org/@jimp/custom/-/custom-0.16.1.tgz"
  dependencies:
    "@babel/runtime" "^7.7.2"
    "@jimp/core" "^0.16.1"

"@jimp/gif@^0.16.1":
  version "0.16.1"
  resolved "https://registry.npmjs.org/@jimp/gif/-/gif-0.16.1.tgz"
  dependencies:
    "@babel/runtime" "^7.7.2"
    "@jimp/utils" "^0.16.1"
    gifwrap "^0.9.2"
    omggif "^1.0.9"

"@jimp/jpeg@^0.16.1":
  version "0.16.1"
  resolved "https://registry.npmjs.org/@jimp/jpeg/-/jpeg-0.16.1.tgz"
  dependencies:
    "@babel/runtime" "^7.7.2"
    "@jimp/utils" "^0.16.1"
    jpeg-js "0.4.2"

"@jimp/plugin-blit@^0.16.1":
  version "0.16.1"
  resolved "https://registry.npmjs.org/@jimp/plugin-blit/-/plugin-blit-0.16.1.tgz"
  dependencies:
    "@babel/runtime" "^7.7.2"
    "@jimp/utils" "^0.16.1"

"@jimp/plugin-blur@^0.16.1":
  version "0.16.1"
  resolved "https://registry.npmjs.org/@jimp/plugin-blur/-/plugin-blur-0.16.1.tgz"
  dependencies:
    "@babel/runtime" "^7.7.2"
    "@jimp/utils" "^0.16.1"

"@jimp/plugin-circle@^0.16.1":
  version "0.16.1"
  resolved "https://registry.npmjs.org/@jimp/plugin-circle/-/plugin-circle-0.16.1.tgz"
  dependencies:
    "@babel/runtime" "^7.7.2"
    "@jimp/utils" "^0.16.1"

"@jimp/plugin-color@^0.16.1":
  version "0.16.1"
  resolved "https://registry.npmjs.org/@jimp/plugin-color/-/plugin-color-0.16.1.tgz"
  dependencies:
    "@babel/runtime" "^7.7.2"
    "@jimp/utils" "^0.16.1"
    tinycolor2 "^1.4.1"

"@jimp/plugin-contain@^0.16.1":
  version "0.16.1"
  resolved "https://registry.npmjs.org/@jimp/plugin-contain/-/plugin-contain-0.16.1.tgz"
  dependencies:
    "@babel/runtime" "^7.7.2"
    "@jimp/utils" "^0.16.1"

"@jimp/plugin-cover@^0.16.1":
  version "0.16.1"
  resolved "https://registry.npmjs.org/@jimp/plugin-cover/-/plugin-cover-0.16.1.tgz"
  dependencies:
    "@babel/runtime" "^7.7.2"
    "@jimp/utils" "^0.16.1"

"@jimp/plugin-crop@^0.16.1":
  version "0.16.1"
  resolved "https://registry.npmjs.org/@jimp/plugin-crop/-/plugin-crop-0.16.1.tgz"
  dependencies:
    "@babel/runtime" "^7.7.2"
    "@jimp/utils" "^0.16.1"

"@jimp/plugin-displace@^0.16.1":
  version "0.16.1"
  resolved "https://registry.npmjs.org/@jimp/plugin-displace/-/plugin-displace-0.16.1.tgz"
  dependencies:
    "@babel/runtime" "^7.7.2"
    "@jimp/utils" "^0.16.1"

"@jimp/plugin-dither@^0.16.1":
  version "0.16.1"
  resolved "https://registry.npmjs.org/@jimp/plugin-dither/-/plugin-dither-0.16.1.tgz"
  dependencies:
    "@babel/runtime" "^7.7.2"
    "@jimp/utils" "^0.16.1"

"@jimp/plugin-fisheye@^0.16.1":
  version "0.16.1"
  resolved "https://registry.npmjs.org/@jimp/plugin-fisheye/-/plugin-fisheye-0.16.1.tgz"
  dependencies:
    "@babel/runtime" "^7.7.2"
    "@jimp/utils" "^0.16.1"

"@jimp/plugin-flip@^0.16.1":
  version "0.16.1"
  resolved "https://registry.npmjs.org/@jimp/plugin-flip/-/plugin-flip-0.16.1.tgz"
  dependencies:
    "@babel/runtime" "^7.7.2"
    "@jimp/utils" "^0.16.1"

"@jimp/plugin-gaussian@^0.16.1":
  version "0.16.1"
  resolved "https://registry.npmjs.org/@jimp/plugin-gaussian/-/plugin-gaussian-0.16.1.tgz"
  dependencies:
    "@babel/runtime" "^7.7.2"
    "@jimp/utils" "^0.16.1"

"@jimp/plugin-invert@^0.16.1":
  version "0.16.1"
  resolved "https://registry.npmjs.org/@jimp/plugin-invert/-/plugin-invert-0.16.1.tgz"
  dependencies:
    "@babel/runtime" "^7.7.2"
    "@jimp/utils" "^0.16.1"

"@jimp/plugin-mask@^0.16.1":
  version "0.16.1"
  resolved "https://registry.npmjs.org/@jimp/plugin-mask/-/plugin-mask-0.16.1.tgz"
  dependencies:
    "@babel/runtime" "^7.7.2"
    "@jimp/utils" "^0.16.1"

"@jimp/plugin-normalize@^0.16.1":
  version "0.16.1"
  resolved "https://registry.npmjs.org/@jimp/plugin-normalize/-/plugin-normalize-0.16.1.tgz"
  dependencies:
    "@babel/runtime" "^7.7.2"
    "@jimp/utils" "^0.16.1"

"@jimp/plugin-print@^0.16.1":
  version "0.16.1"
  resolved "https://registry.npmjs.org/@jimp/plugin-print/-/plugin-print-0.16.1.tgz"
  dependencies:
    "@babel/runtime" "^7.7.2"
    "@jimp/utils" "^0.16.1"
    load-bmfont "^1.4.0"

"@jimp/plugin-resize@^0.16.1":
  version "0.16.1"
  resolved "https://registry.npmjs.org/@jimp/plugin-resize/-/plugin-resize-0.16.1.tgz"
  dependencies:
    "@babel/runtime" "^7.7.2"
    "@jimp/utils" "^0.16.1"

"@jimp/plugin-rotate@^0.16.1":
  version "0.16.1"
  resolved "https://registry.npmjs.org/@jimp/plugin-rotate/-/plugin-rotate-0.16.1.tgz"
  dependencies:
    "@babel/runtime" "^7.7.2"
    "@jimp/utils" "^0.16.1"

"@jimp/plugin-scale@^0.16.1":
  version "0.16.1"
  resolved "https://registry.npmjs.org/@jimp/plugin-scale/-/plugin-scale-0.16.1.tgz"
  dependencies:
    "@babel/runtime" "^7.7.2"
    "@jimp/utils" "^0.16.1"

"@jimp/plugin-shadow@^0.16.1":
  version "0.16.1"
  resolved "https://registry.npmjs.org/@jimp/plugin-shadow/-/plugin-shadow-0.16.1.tgz"
  dependencies:
    "@babel/runtime" "^7.7.2"
    "@jimp/utils" "^0.16.1"

"@jimp/plugin-threshold@^0.16.1":
  version "0.16.1"
  resolved "https://registry.npmjs.org/@jimp/plugin-threshold/-/plugin-threshold-0.16.1.tgz"
  dependencies:
    "@babel/runtime" "^7.7.2"
    "@jimp/utils" "^0.16.1"

"@jimp/plugins@^0.16.1":
  version "0.16.1"
  resolved "https://registry.npmjs.org/@jimp/plugins/-/plugins-0.16.1.tgz"
  dependencies:
    "@babel/runtime" "^7.7.2"
    "@jimp/plugin-blit" "^0.16.1"
    "@jimp/plugin-blur" "^0.16.1"
    "@jimp/plugin-circle" "^0.16.1"
    "@jimp/plugin-color" "^0.16.1"
    "@jimp/plugin-contain" "^0.16.1"
    "@jimp/plugin-cover" "^0.16.1"
    "@jimp/plugin-crop" "^0.16.1"
    "@jimp/plugin-displace" "^0.16.1"
    "@jimp/plugin-dither" "^0.16.1"
    "@jimp/plugin-fisheye" "^0.16.1"
    "@jimp/plugin-flip" "^0.16.1"
    "@jimp/plugin-gaussian" "^0.16.1"
    "@jimp/plugin-invert" "^0.16.1"
    "@jimp/plugin-mask" "^0.16.1"
    "@jimp/plugin-normalize" "^0.16.1"
    "@jimp/plugin-print" "^0.16.1"
    "@jimp/plugin-resize" "^0.16.1"
    "@jimp/plugin-rotate" "^0.16.1"
    "@jimp/plugin-scale" "^0.16.1"
    "@jimp/plugin-shadow" "^0.16.1"
    "@jimp/plugin-threshold" "^0.16.1"
    timm "^1.6.1"

"@jimp/png@^0.16.1":
  version "0.16.1"
  resolved "https://registry.npmjs.org/@jimp/png/-/png-0.16.1.tgz"
  dependencies:
    "@babel/runtime" "^7.7.2"
    "@jimp/utils" "^0.16.1"
    pngjs "^3.3.3"

"@jimp/tiff@^0.16.1":
  version "0.16.1"
  resolved "https://registry.npmjs.org/@jimp/tiff/-/tiff-0.16.1.tgz"
  dependencies:
    "@babel/runtime" "^7.7.2"
    utif "^2.0.1"

"@jimp/types@^0.16.1":
  version "0.16.1"
  resolved "https://registry.npmjs.org/@jimp/types/-/types-0.16.1.tgz"
  dependencies:
    "@babel/runtime" "^7.7.2"
    "@jimp/bmp" "^0.16.1"
    "@jimp/gif" "^0.16.1"
    "@jimp/jpeg" "^0.16.1"
    "@jimp/png" "^0.16.1"
    "@jimp/tiff" "^0.16.1"
    timm "^1.6.1"

"@jimp/utils@^0.16.1":
  version "0.16.1"
  resolved "https://registry.npmjs.org/@jimp/utils/-/utils-0.16.1.tgz"
  dependencies:
    "@babel/runtime" "^7.7.2"
    regenerator-runtime "^0.13.3"

"@xboxreplay/errors@^0.1.0":
  version "0.1.0"
  resolved "https://registry.npmjs.org/@xboxreplay/errors/-/errors-0.1.0.tgz"

"@xboxreplay/xboxlive-auth@^3.3.3":
  version "3.3.3"
  resolved "https://registry.npmjs.org/@xboxreplay/xboxlive-auth/-/xboxlive-auth-3.3.3.tgz"
  dependencies:
    "@xboxreplay/errors" "^0.1.0"
    axios "^0.21.1"

aes-js@^3.1.2:
  version "3.1.2"
  resolved "https://registry.npmjs.org/aes-js/-/aes-js-3.1.2.tgz"

ajv@^6.5.4:
  version "6.12.6"
  resolved "https://registry.npmjs.org/ajv/-/ajv-6.12.6.tgz"
  dependencies:
    fast-deep-equal "^3.1.1"
    fast-json-stable-stringify "^2.0.0"
    json-schema-traverse "^0.4.1"
    uri-js "^4.2.2"

any-base@^1.1.0:
  version "1.1.0"
  resolved "https://registry.npmjs.org/any-base/-/any-base-1.1.0.tgz"

asn1@0.2.3:
  version "0.2.3"
  resolved "https://registry.npmjs.org/asn1/-/asn1-0.2.3.tgz"

axios@^0.21.1, axios@^0.21.4:
  version "0.21.4"
  resolved "https://registry.npmjs.org/axios/-/axios-0.21.4.tgz"
  dependencies:
    follow-redirects "^1.14.0"

base64-js@^1.3.1:
  version "1.5.1"
  resolved "https://registry.npmjs.org/base64-js/-/base64-js-1.5.1.tgz"

bmp-js@^0.1.0:
  version "0.1.0"
  resolved "https://registry.npmjs.org/bmp-js/-/bmp-js-0.1.0.tgz"

buffer-equal-constant-time@1.0.1:
  version "1.0.1"
  resolved "https://registry.npmjs.org/buffer-equal-constant-time/-/buffer-equal-constant-time-1.0.1.tgz"

buffer-equal@0.0.1:
  version "0.0.1"
  resolved "https://registry.npmjs.org/buffer-equal/-/buffer-equal-0.0.1.tgz"

buffer-equal@^1.0.0:
  version "1.0.0"
  resolved "https://registry.npmjs.org/buffer-equal/-/buffer-equal-1.0.0.tgz"

buffer@^5.2.0:
  version "5.7.1"
  resolved "https://registry.npmjs.org/buffer/-/buffer-5.7.1.tgz"
  dependencies:
    base64-js "^1.3.1"
    ieee754 "^1.1.13"

chillout@^5.0.0:
  version "5.0.0"
  resolved "https://registry.npmjs.org/chillout/-/chillout-5.0.0.tgz"

commander@^2.19.0:
  version "2.20.3"
  resolved "https://registry.npmjs.org/commander/-/commander-2.20.3.tgz"

debug@^4.1.0, debug@^4.1.1:
  version "4.3.2"
  resolved "https://registry.npmjs.org/debug/-/debug-4.3.2.tgz"
  dependencies:
    ms "2.1.2"

discontinuous-range@1.0.0:
  version "1.0.0"
  resolved "https://registry.npmjs.org/discontinuous-range/-/discontinuous-range-1.0.0.tgz"

dom-walk@^0.1.0:
  version "0.1.2"
  resolved "https://registry.npmjs.org/dom-walk/-/dom-walk-0.1.2.tgz"

ecdsa-sig-formatter@1.0.11:
  version "1.0.11"
  resolved "https://registry.npmjs.org/ecdsa-sig-formatter/-/ecdsa-sig-formatter-1.0.11.tgz"
  dependencies:
    safe-buffer "^5.0.1"

endian-toggle@^0.0.0:
  version "0.0.0"
  resolved "https://registry.npmjs.org/endian-toggle/-/endian-toggle-0.0.0.tgz"

exif-parser@^0.1.12:
  version "0.1.12"
  resolved "https://registry.npmjs.org/exif-parser/-/exif-parser-0.1.12.tgz"

fast-deep-equal@^3.1.1:
  version "3.1.3"
  resolved "https://registry.npmjs.org/fast-deep-equal/-/fast-deep-equal-3.1.3.tgz"

fast-json-stable-stringify@^2.0.0:
  version "2.1.0"
  resolved "https://registry.npmjs.org/fast-json-stable-stringify/-/fast-json-stable-stringify-2.1.0.tgz"

file-type@^9.0.0:
  version "9.0.0"
  resolved "https://registry.npmjs.org/file-type/-/file-type-9.0.0.tgz"

follow-redirects@^1.14.0:
  version "1.14.9"
  resolved "https://registry.yarnpkg.com/follow-redirects/-/follow-redirects-1.14.9.tgz#dd4ea157de7bfaf9ea9b3fbd85aa16951f78d8d7"

gifwrap@^0.9.2:
  version "0.9.2"
  resolved "https://registry.npmjs.org/gifwrap/-/gifwrap-0.9.2.tgz"
  dependencies:
    image-q "^1.1.1"
    omggif "^1.0.10"

global@~4.4.0:
  version "4.4.0"
  resolved "https://registry.npmjs.org/global/-/global-4.4.0.tgz"
  dependencies:
    min-document "^2.19.0"
    process "^0.11.10"

ieee754@^1.1.13:
  version "1.2.1"
  resolved "https://registry.npmjs.org/ieee754/-/ieee754-1.2.1.tgz"

image-q@^1.1.1:
  version "1.1.1"
  resolved "https://registry.npmjs.org/image-q/-/image-q-1.1.1.tgz"

inherits@^2.0.3:
  version "2.0.4"
  resolved "https://registry.npmjs.org/inherits/-/inherits-2.0.4.tgz"

is-function@^1.0.1:
  version "1.0.2"
  resolved "https://registry.npmjs.org/is-function/-/is-function-1.0.2.tgz"

jimp@^0.16.1:
  version "0.16.1"
  resolved "https://registry.npmjs.org/jimp/-/jimp-0.16.1.tgz"
  dependencies:
    "@babel/runtime" "^7.7.2"
    "@jimp/custom" "^0.16.1"
    "@jimp/plugins" "^0.16.1"
    "@jimp/types" "^0.16.1"
    regenerator-runtime "^0.13.3"

jpeg-js@0.4.2:
  version "0.4.2"
  resolved "https://registry.npmjs.org/jpeg-js/-/jpeg-js-0.4.2.tgz"

json-schema-traverse@^0.4.1:
  version "0.4.1"
  resolved "https://registry.npmjs.org/json-schema-traverse/-/json-schema-traverse-0.4.1.tgz"

jsonwebtoken@^8.5.1:
  version "8.5.1"
  resolved "https://registry.npmjs.org/jsonwebtoken/-/jsonwebtoken-8.5.1.tgz"
  dependencies:
    jws "^3.2.2"
    lodash.includes "^4.3.0"
    lodash.isboolean "^3.0.3"
    lodash.isinteger "^4.0.4"
    lodash.isnumber "^3.0.3"
    lodash.isplainobject "^4.0.6"
    lodash.isstring "^4.0.1"
    lodash.once "^4.0.0"
    ms "^2.1.1"
    semver "^5.6.0"

jwa@^1.4.1:
  version "1.4.1"
  resolved "https://registry.npmjs.org/jwa/-/jwa-1.4.1.tgz"
  dependencies:
    buffer-equal-constant-time "1.0.1"
    ecdsa-sig-formatter "1.0.11"
    safe-buffer "^5.0.1"

jws@^3.2.2:
  version "3.2.2"
  resolved "https://registry.npmjs.org/jws/-/jws-3.2.2.tgz"
  dependencies:
    jwa "^1.4.1"
    safe-buffer "^5.0.1"

load-bmfont@^1.3.1, load-bmfont@^1.4.0:
  version "1.4.1"
  resolved "https://registry.npmjs.org/load-bmfont/-/load-bmfont-1.4.1.tgz"
  dependencies:
    buffer-equal "0.0.1"
    mime "^1.3.4"
    parse-bmfont-ascii "^1.0.3"
    parse-bmfont-binary "^1.0.5"
    parse-bmfont-xml "^1.1.4"
    phin "^2.9.1"
    xhr "^2.0.1"
    xtend "^4.0.0"

lodash.get@^4.1.2, lodash.get@^4.4.2:
  version "4.4.2"
  resolved "https://registry.npmjs.org/lodash.get/-/lodash.get-4.4.2.tgz"

lodash.includes@^4.3.0:
  version "4.3.0"
  resolved "https://registry.npmjs.org/lodash.includes/-/lodash.includes-4.3.0.tgz"

lodash.isboolean@^3.0.3:
  version "3.0.3"
  resolved "https://registry.npmjs.org/lodash.isboolean/-/lodash.isboolean-3.0.3.tgz"

lodash.isinteger@^4.0.4:
  version "4.0.4"
  resolved "https://registry.npmjs.org/lodash.isinteger/-/lodash.isinteger-4.0.4.tgz"

lodash.isnumber@^3.0.3:
  version "3.0.3"
  resolved "https://registry.npmjs.org/lodash.isnumber/-/lodash.isnumber-3.0.3.tgz"

lodash.isplainobject@^4.0.6:
  version "4.0.6"
  resolved "https://registry.npmjs.org/lodash.isplainobject/-/lodash.isplainobject-4.0.6.tgz"

lodash.isstring@^4.0.1:
  version "4.0.1"
  resolved "https://registry.npmjs.org/lodash.isstring/-/lodash.isstring-4.0.1.tgz"

lodash.merge@^4.3.0:
  version "4.6.2"
  resolved "https://registry.npmjs.org/lodash.merge/-/lodash.merge-4.6.2.tgz"

lodash.once@^4.0.0:
  version "4.1.1"
  resolved "https://registry.npmjs.org/lodash.once/-/lodash.once-4.1.1.tgz"

lodash.reduce@^4.6.0:
  version "4.6.0"
  resolved "https://registry.npmjs.org/lodash.reduce/-/lodash.reduce-4.6.0.tgz"

macaddress@^0.5.1:
  version "0.5.2"
  resolved "https://registry.npmjs.org/macaddress/-/macaddress-0.5.2.tgz"

mcfsd@^1.2.1:
  version "1.2.1"
  resolved "https://registry.npmjs.org/mcfsd/-/mcfsd-1.2.1.tgz"
  dependencies:
    chillout "^5.0.0"

mime@^1.3.4:
  version "1.6.0"
  resolved "https://registry.npmjs.org/mime/-/mime-1.6.0.tgz"

min-document@^2.19.0:
  version "2.19.0"
  resolved "https://registry.npmjs.org/min-document/-/min-document-2.19.0.tgz"
  dependencies:
    dom-walk "^0.1.0"

minecraft-data@^2.109.0, minecraft-data@^2.73.1, minecraft-data@^2.85.1:
  version "2.221.0"
  resolved "https://registry.yarnpkg.com/minecraft-data/-/minecraft-data-2.221.0.tgz#b6a6629c9c33bc640e540de3ebe94a96d0e8b0bc"

minecraft-data@^3.0.0:
  version "3.1.1"
  resolved "https://registry.yarnpkg.com/minecraft-data/-/minecraft-data-3.1.1.tgz#b61cddfa4a7942695aa6231fac7148305f14458b"

minecraft-folder-path@^1.1.0:
  version "1.2.0"
  resolved "https://registry.npmjs.org/minecraft-folder-path/-/minecraft-folder-path-1.2.0.tgz"

minecraft-protocol@^1.26.5:
  version "1.27.1"
  resolved "https://registry.npmjs.org/minecraft-protocol/-/minecraft-protocol-1.27.1.tgz"
  dependencies:
    "@azure/msal-node" "^1.0.0-beta.3"
    "@xboxreplay/xboxlive-auth" "^3.3.3"
    aes-js "^3.1.2"
    buffer-equal "^1.0.0"
    debug "^4.1.0"
    endian-toggle "^0.0.0"
    lodash.get "^4.1.2"
    lodash.merge "^4.3.0"
    minecraft-data "^2.85.1"
    minecraft-folder-path "^1.1.0"
    node-fetch "^2.6.1"
    node-rsa "^0.4.2"
    prismarine-nbt "^1.3.0"
    protodef "^1.8.0"
    readable-stream "^3.0.6"
    uuid-1345 "^1.0.1"
    yggdrasil "^1.4.0"

mineflayer@^4.0.0:
  version "4.0.0"
  resolved "https://registry.npmjs.org/mineflayer/-/mineflayer-4.0.0.tgz"
  dependencies:
    minecraft-data "^2.109.0"
    minecraft-protocol "^1.26.5"
    prismarine-biome "^1.1.1"
    prismarine-block "^1.13.1"
    prismarine-chat "^1.3.3"
    prismarine-chunk "^1.29.0"
    prismarine-entity "^2.0.0"
    prismarine-item "^1.11.0"
    prismarine-nbt "^2.0.0"
    prismarine-physics "^1.3.1"
    prismarine-recipe "^1.1.0"
    prismarine-windows "^2.4.2"
    prismarine-world "^3.6.0"
    protodef "^1.14.0"
    typed-emitter "^1.0.0"
    vec3 "^0.1.7"

minimist@^1.2.5:
  version "1.2.6"
  resolved "https://registry.yarnpkg.com/minimist/-/minimist-1.2.6.tgz#8637a5b759ea0d6e98702cfb3a9283323c93af44"

mkdirp@^0.5.1:
  version "0.5.5"
  resolved "https://registry.npmjs.org/mkdirp/-/mkdirp-0.5.5.tgz"
  dependencies:
    minimist "^1.2.5"

mojangson@^2.0.1:
  version "2.0.2"
  resolved "https://registry.npmjs.org/mojangson/-/mojangson-2.0.2.tgz"
  dependencies:
    nearley "^2.19.5"

moo@^0.5.0:
  version "0.5.1"
  resolved "https://registry.npmjs.org/moo/-/moo-0.5.1.tgz"

ms@2.1.2, ms@^2.1.1:
  version "2.1.2"
  resolved "https://registry.npmjs.org/ms/-/ms-2.1.2.tgz"

nearest-color@^0.4.4:
  version "0.4.4"
  resolved "https://registry.npmjs.org/nearest-color/-/nearest-color-0.4.4.tgz"

nearley@^2.19.5:
  version "2.20.1"
  resolved "https://registry.npmjs.org/nearley/-/nearley-2.20.1.tgz"
  dependencies:
    commander "^2.19.0"
    moo "^0.5.0"
    railroad-diagrams "^1.0.0"
    randexp "0.4.6"

node-fetch@^2.6.1:
  version "2.6.7"
  resolved "https://registry.yarnpkg.com/node-fetch/-/node-fetch-2.6.7.tgz#24de9fba827e3b4ae44dc8b20256a379160052ad"
  dependencies:
    whatwg-url "^5.0.0"

node-rsa@^0.4.2:
  version "0.4.2"
  resolved "https://registry.npmjs.org/node-rsa/-/node-rsa-0.4.2.tgz"
  dependencies:
    asn1 "0.2.3"

omggif@^1.0.10, omggif@^1.0.9:
  version "1.0.10"
  resolved "https://registry.npmjs.org/omggif/-/omggif-1.0.10.tgz"

pako@^1.0.5:
  version "1.0.11"
  resolved "https://registry.npmjs.org/pako/-/pako-1.0.11.tgz"

parse-bmfont-ascii@^1.0.3:
  version "1.0.6"
  resolved "https://registry.npmjs.org/parse-bmfont-ascii/-/parse-bmfont-ascii-1.0.6.tgz"

parse-bmfont-binary@^1.0.5:
  version "1.0.6"
  resolved "https://registry.npmjs.org/parse-bmfont-binary/-/parse-bmfont-binary-1.0.6.tgz"

parse-bmfont-xml@^1.1.4:
  version "1.1.4"
  resolved "https://registry.npmjs.org/parse-bmfont-xml/-/parse-bmfont-xml-1.1.4.tgz"
  dependencies:
    xml-parse-from-string "^1.0.0"
    xml2js "^0.4.5"

parse-headers@^2.0.0:
  version "2.0.4"
  resolved "https://registry.npmjs.org/parse-headers/-/parse-headers-2.0.4.tgz"

phin@^2.9.1:
  version "2.9.3"
  resolved "https://registry.npmjs.org/phin/-/phin-2.9.3.tgz"

pixelmatch@^4.0.2:
  version "4.0.2"
  resolved "https://registry.npmjs.org/pixelmatch/-/pixelmatch-4.0.2.tgz"
  dependencies:
    pngjs "^3.0.0"

pngjs@^3.0.0, pngjs@^3.3.3:
  version "3.4.0"
  resolved "https://registry.npmjs.org/pngjs/-/pngjs-3.4.0.tgz"

prismarine-biome@^1.1.0, prismarine-biome@^1.1.1:
  version "1.1.1"
  resolved "https://registry.npmjs.org/prismarine-biome/-/prismarine-biome-1.1.1.tgz"

prismarine-biome@^1.2.0:
  version "1.3.0"
  resolved "https://registry.yarnpkg.com/prismarine-biome/-/prismarine-biome-1.3.0.tgz#53b122fc7c3968f43f1639e823e7bd1b829fab46"

prismarine-block@^1.13.1, prismarine-block@^1.14.1:
  version "1.16.3"
  resolved "https://registry.yarnpkg.com/prismarine-block/-/prismarine-block-1.16.3.tgz#465b6b0154be16f8d7b5dc892f4a4153f073d542"
  dependencies:
    minecraft-data "^3.0.0"
    prismarine-biome "^1.1.0"
    prismarine-chat "^1.5.0"
    prismarine-item "^1.10.1"
    prismarine-nbt "^2.0.0"
    prismarine-registry "^1.1.0"

prismarine-chat@^1.3.3, prismarine-chat@^1.4.1, prismarine-chat@^1.5.0:
  version "1.6.1"
  resolved "https://registry.yarnpkg.com/prismarine-chat/-/prismarine-chat-1.6.1.tgz#1f522a41da418dfb70bdccf4eafaba5d191d9f02"
  dependencies:
    minecraft-data "^3.0.0"
    mojangson "^2.0.1"
    prismarine-item "^1.10.0"
    prismarine-nbt "^2.0.0"
    sprintf-js "^1.1.2"

prismarine-chunk@^1.29.0:
  version "1.31.0"
  resolved "https://registry.yarnpkg.com/prismarine-chunk/-/prismarine-chunk-1.31.0.tgz#0e3d3d0860a4b5c136c176e9bdeedbb2b56450c6"
  dependencies:
    minecraft-data "^3.0.0"
    prismarine-biome "^1.2.0"
    prismarine-block "^1.14.1"
    prismarine-registry "^1.1.0"
    smart-buffer "^4.1.0"
    uint4 "^0.1.2"
    vec3 "^0.1.3"
    xxhash-wasm "^0.4.2"

prismarine-entity@^2.0.0:
  version "2.1.1"
  resolved "https://registry.yarnpkg.com/prismarine-entity/-/prismarine-entity-2.1.1.tgz#95b48ab4e3d46f0a30d5e0c0ca8d366c1ae11d83"
  dependencies:
    minecraft-data "^3.0.0"
    prismarine-chat "^1.4.1"
    prismarine-item "^1.11.2"
    vec3 "^0.1.4"

prismarine-item@^1.10.0, prismarine-item@^1.10.1, prismarine-item@^1.11.0, prismarine-item@^1.5.0:
  version "1.11.0"
  resolved "https://registry.npmjs.org/prismarine-item/-/prismarine-item-1.11.0.tgz"
  dependencies:
    prismarine-nbt "^1.4.0"

prismarine-item@^1.11.2:
  version "1.11.5"
  resolved "https://registry.yarnpkg.com/prismarine-item/-/prismarine-item-1.11.5.tgz#2eb55de849629c13e4582b061f89f030cd572f6b"
  dependencies:
    minecraft-data "^3.0.0"
    prismarine-nbt "^2.0.0"

prismarine-nbt@^1.3.0, prismarine-nbt@^1.4.0:
  version "1.6.0"
  resolved "https://registry.npmjs.org/prismarine-nbt/-/prismarine-nbt-1.6.0.tgz"
  dependencies:
    protodef "^1.9.0"

prismarine-nbt@^2.0.0:
  version "2.2.1"
  resolved "https://registry.yarnpkg.com/prismarine-nbt/-/prismarine-nbt-2.2.1.tgz#a263e08b36fd27a682024549a8823d82f9ad30d9"
  dependencies:
    protodef "^1.9.0"

prismarine-physics@^1.3.1:
  version "1.3.1"
  resolved "https://registry.npmjs.org/prismarine-physics/-/prismarine-physics-1.3.1.tgz"
  dependencies:
    minecraft-data "^2.73.1"
    prismarine-nbt "^1.4.0"
    vec3 "^0.1.7"

prismarine-recipe@^1.1.0:
  version "1.1.0"
  resolved "https://registry.npmjs.org/prismarine-recipe/-/prismarine-recipe-1.1.0.tgz"

prismarine-registry@^1.1.0:
  version "1.2.0"
  resolved "https://registry.yarnpkg.com/prismarine-registry/-/prismarine-registry-1.2.0.tgz#34c96e521f10bd86f72c1ee1dd89c55d57914283"
  dependencies:
    minecraft-data "^3.0.0"
    prismarine-nbt "^2.0.0"

prismarine-windows@^2.4.2:
  version "2.4.4"
  resolved "https://registry.yarnpkg.com/prismarine-windows/-/prismarine-windows-2.4.4.tgz#020b2ff0e5b1d0dc7ea23172411a6288597076cb"
  dependencies:
    minecraft-data "^3.0.0"
    prismarine-item "^1.5.0"

prismarine-world@^3.6.0:
  version "3.6.0"
  resolved "https://registry.npmjs.org/prismarine-world/-/prismarine-world-3.6.0.tgz"
  dependencies:
    vec3 "^0.1.7"

process@^0.11.10:
  version "0.11.10"
  resolved "https://registry.npmjs.org/process/-/process-0.11.10.tgz"

protodef-validator@^1.3.0:
  version "1.3.1"
  resolved "https://registry.npmjs.org/protodef-validator/-/protodef-validator-1.3.1.tgz"
  dependencies:
    ajv "^6.5.4"

protodef@^1.14.0, protodef@^1.8.0, protodef@^1.9.0:
  version "1.14.0"
  resolved "https://registry.npmjs.org/protodef/-/protodef-1.14.0.tgz"
  dependencies:
    lodash.get "^4.4.2"
    lodash.reduce "^4.6.0"
    protodef-validator "^1.3.0"
    readable-stream "^3.0.3"

punycode@^2.1.0:
  version "2.1.1"
  resolved "https://registry.npmjs.org/punycode/-/punycode-2.1.1.tgz"

railroad-diagrams@^1.0.0:
  version "1.0.0"
  resolved "https://registry.npmjs.org/railroad-diagrams/-/railroad-diagrams-1.0.0.tgz"

randexp@0.4.6:
  version "0.4.6"
  resolved "https://registry.npmjs.org/randexp/-/randexp-0.4.6.tgz"
  dependencies:
    discontinuous-range "1.0.0"
    ret "~0.1.10"

readable-stream@^3.0.3, readable-stream@^3.0.6:
  version "3.6.0"
  resolved "https://registry.npmjs.org/readable-stream/-/readable-stream-3.6.0.tgz"
  dependencies:
    inherits "^2.0.3"
    string_decoder "^1.1.1"
    util-deprecate "^1.0.1"

regenerator-runtime@^0.13.3, regenerator-runtime@^0.13.4:
  version "0.13.9"
  resolved "https://registry.npmjs.org/regenerator-runtime/-/regenerator-runtime-0.13.9.tgz"

ret@~0.1.10:
  version "0.1.15"
  resolved "https://registry.npmjs.org/ret/-/ret-0.1.15.tgz"

safe-buffer@^5.0.1, safe-buffer@~5.2.0:
  version "5.2.1"
  resolved "https://registry.npmjs.org/safe-buffer/-/safe-buffer-5.2.1.tgz"

sax@>=0.6.0:
  version "1.2.4"
  resolved "https://registry.npmjs.org/sax/-/sax-1.2.4.tgz"

semver@^5.6.0:
  version "5.7.1"
  resolved "https://registry.npmjs.org/semver/-/semver-5.7.1.tgz"

smart-buffer@^4.1.0:
  version "4.2.0"
  resolved "https://registry.npmjs.org/smart-buffer/-/smart-buffer-4.2.0.tgz"

sprintf-js@^1.1.2:
  version "1.1.2"
  resolved "https://registry.npmjs.org/sprintf-js/-/sprintf-js-1.1.2.tgz"

string_decoder@^1.1.1:
  version "1.3.0"
  resolved "https://registry.npmjs.org/string_decoder/-/string_decoder-1.3.0.tgz"
  dependencies:
    safe-buffer "~5.2.0"

stuffs@^0.1.12:
  version "0.1.12"
  resolved "https://registry.npmjs.org/stuffs/-/stuffs-0.1.12.tgz"

timm@^1.6.1:
  version "1.7.1"
  resolved "https://registry.npmjs.org/timm/-/timm-1.7.1.tgz"

tinycolor2@^1.4.1:
  version "1.4.2"
  resolved "https://registry.npmjs.org/tinycolor2/-/tinycolor2-1.4.2.tgz"

tr46@~0.0.3:
  version "0.0.3"
  resolved "https://registry.npmjs.org/tr46/-/tr46-0.0.3.tgz"

typed-emitter@^1.0.0:
  version "1.4.0"
  resolved "https://registry.npmjs.org/typed-emitter/-/typed-emitter-1.4.0.tgz"

uint4@^0.1.2:
  version "0.1.2"
  resolved "https://registry.npmjs.org/uint4/-/uint4-0.1.2.tgz"

uri-js@^4.2.2:
  version "4.4.1"
  resolved "https://registry.npmjs.org/uri-js/-/uri-js-4.4.1.tgz"
  dependencies:
    punycode "^2.1.0"

utif@^2.0.1:
  version "2.0.1"
  resolved "https://registry.npmjs.org/utif/-/utif-2.0.1.tgz"
  dependencies:
    pako "^1.0.5"

util-deprecate@^1.0.1:
  version "1.0.2"
  resolved "https://registry.npmjs.org/util-deprecate/-/util-deprecate-1.0.2.tgz"

uuid-1345@^1.0.1:
  version "1.0.2"
  resolved "https://registry.npmjs.org/uuid-1345/-/uuid-1345-1.0.2.tgz"
  dependencies:
    macaddress "^0.5.1"

uuid@^8.2.0, uuid@^8.3.0:
  version "8.3.2"
  resolved "https://registry.npmjs.org/uuid/-/uuid-8.3.2.tgz"

vec3@^0.1.3, vec3@^0.1.4, vec3@^0.1.7:
  version "0.1.7"
  resolved "https://registry.npmjs.org/vec3/-/vec3-0.1.7.tgz"

webidl-conversions@^3.0.0:
  version "3.0.1"
  resolved "https://registry.npmjs.org/webidl-conversions/-/webidl-conversions-3.0.1.tgz"

whatwg-url@^5.0.0:
  version "5.0.0"
  resolved "https://registry.npmjs.org/whatwg-url/-/whatwg-url-5.0.0.tgz"
  dependencies:
    tr46 "~0.0.3"
    webidl-conversions "^3.0.0"

xhr@^2.0.1:
  version "2.6.0"
  resolved "https://registry.npmjs.org/xhr/-/xhr-2.6.0.tgz"
  dependencies:
    global "~4.4.0"
    is-function "^1.0.1"
    parse-headers "^2.0.0"
    xtend "^4.0.0"

xml-parse-from-string@^1.0.0:
  version "1.0.1"
  resolved "https://registry.npmjs.org/xml-parse-from-string/-/xml-parse-from-string-1.0.1.tgz"

xml2js@^0.4.5:
  version "0.4.23"
  resolved "https://registry.npmjs.org/xml2js/-/xml2js-0.4.23.tgz"
  dependencies:
    sax ">=0.6.0"
    xmlbuilder "~11.0.0"

xmlbuilder@~11.0.0:
  version "11.0.1"
  resolved "https://registry.npmjs.org/xmlbuilder/-/xmlbuilder-11.0.1.tgz"

xtend@^4.0.0:
  version "4.0.2"
  resolved "https://registry.npmjs.org/xtend/-/xtend-4.0.2.tgz"

xxhash-wasm@^0.4.2:
  version "0.4.2"
  resolved "https://registry.yarnpkg.com/xxhash-wasm/-/xxhash-wasm-0.4.2.tgz#752398c131a4dd407b5132ba62ad372029be6f79"

yggdrasil@^1.4.0:
  version "1.6.1"
  resolved "https://registry.npmjs.org/yggdrasil/-/yggdrasil-1.6.1.tgz"
  dependencies:
    node-fetch "^2.6.1"
    uuid "^8.2.0"
